dependencies:
- name: secrets-store-csi-driver
  repository: https://kubernetes-sigs.github.io/secrets-store-csi-driver/charts
  version: 1.4.8
- name: infisical-csi-provider
  repository: https://dl.cloudsmith.io/public/infisical/helm-charts/helm/charts
  version: 0.1.0
- name: secrets-operator
  repository: https://dl.cloudsmith.io/public/infisical/helm-charts/helm/charts
  version: 0.8.12
- name: ingress-nginx
  repository: https://kubernetes.github.io/ingress-nginx
  version: 4.12.0
- name: cert-manager
  repository: https://charts.jetstack.io
  version: v1.12.1
- name: csi-driver-smb
  repository: https://raw.githubusercontent.com/kubernetes-csi/csi-driver-smb/master/charts
  version: v1.17.0
digest: sha256:9d03421cca331588b2065516690d2653da7a7ca0e42be4002eb289ebf90a8a64
generated: "2025-03-09T23:54:08.509498066Z"
